
Microsoft Visual Studio Solution File, Format Version 12.00
# Visual Studio Version 16
VisualStudioVersion = 16.0.32630.194
MinimumVisualStudioVersion = 10.0.40219.1
Project("{FAE04EC0-301F-11D3-BF4B-00C04F79EFBC}") = "HastaneYonetimSistemi", "HastaneYonetimSistemi\HastaneYonetimSistemi.csproj", "{059F746F-FD41-412F-ACD0-F97B570A8DF6}"
EndProject
Global
	GlobalSection(SolutionConfigurationPlatforms) = preSolution
		Debug|Any CPU = Debug|Any CPU
		Release|Any CPU = Release|Any CPU
	EndGlobalSection
	GlobalSection(ProjectConfigurationPlatforms) = postSolution
		{059F746F-FD41-412F-ACD0-F97B570A8DF6}.Debug|Any CPU.ActiveCfg = Debug|Any CPU
		{059F746F-FD41-412F-ACD0-F97B570A8DF6}.Debug|Any CPU.Build.0 = Debug|Any CPU
		{059F746F-FD41-412F-ACD0-F97B570A8DF6}.Release|Any CPU.ActiveCfg = Release|Any CPU
		{059F746F-FD41-412F-ACD0-F97B570A8DF6}.Release|Any CPU.Build.0 = Release|Any CPU
	EndGlobalSection
	GlobalSection(SolutionProperties) = preSolution
		HideSolutionNode = FALSE
	EndGlobalSection
	GlobalSection(ExtensibilityGlobals) = postSolution
		SolutionGuid = {871C7F39-89BC-4BBD-8D06-57A9F7BB7416}
	EndGlobalSection
EndGlobal
